<?xml version="1.0" encoding="utf-8"?>
<Project ToolsVersion="4.0" xmlns="http://schemas.microsoft.com/developer/msbuild/2003">
  <ItemGroup>
    <Filter Include="KamataEngine">
      <UniqueIdentifier>{4FC737F1-C7A5-4376-A066-2A32D752A2FF}</UniqueIdentifier>
      <Extensions>cpp;c;cc;cxx;c++;cppm;ixx;def;odl;idl;hpj;bat;asm;asmx</Extensions>
    </Filter>
    <Filter Include="KamataEngine\Source">
      <UniqueIdentifier>{d966e9f8-e880-44ae-8586-a08515e4cffc}</UniqueIdentifier>
    </Filter>
    <Filter Include="KamataEngine\Include">
      <UniqueIdentifier>{4aae4e40-94f7-4d32-9a91-c0c37a2edf0d}</UniqueIdentifier>
    </Filter>
    <Filter Include="KamataEngine\Adapter">
      <UniqueIdentifier>{c6468eb4-788b-4a83-b207-a5f4804e56c5}</UniqueIdentifier>
    </Filter>
    <Filter Include="Game">
      <UniqueIdentifier>{24b72532-b89c-4923-bacf-c98c03a2cf40}</UniqueIdentifier>
    </Filter>
    <Filter Include="Effect">
      <UniqueIdentifier>{3be2297f-d760-4dad-ab7d-af311fffdb52}</UniqueIdentifier>
    </Filter>
  </ItemGroup>
  <ItemGroup>
    <ClCompile Include="C:\KamataEngine\DirectXGame\base\DirectXCommon.cpp">
      <Filter>KamataEngine\Source</Filter>
    </ClCompile>
    <ClCompile Include="C:\KamataEngine\DirectXGame\scene\GameScene.cpp">
      <Filter>KamataEngine\Source</Filter>
    </ClCompile>
    <ClCompile Include="C:\KamataEngine\DirectXGame\base\TextureManager.cpp">
      <Filter>KamataEngine\Source</Filter>
    </ClCompile>
    <ClCompile Include="C:\KamataEngine\DirectXGame\base\WinApp.cpp">
      <Filter>KamataEngine\Source</Filter>
    </ClCompile>
    <ClCompile Include="main.cpp" />
    <ClCompile Include="C:\KamataEngine\Adapter\Novice.cpp">
      <Filter>KamataEngine\Adapter</Filter>
    </ClCompile>
    <ClCompile Include="Game\Camera\Camera.cpp">
      <Filter>Game</Filter>
    </ClCompile>
    <ClCompile Include="Game\Complex\Complex.cpp">
      <Filter>Game</Filter>
    </ClCompile>
    <ClCompile Include="Game\Easing\Easing.cpp">
      <Filter>Game</Filter>
    </ClCompile>
    <ClCompile Include="Game\Frame\Frame.cpp">
      <Filter>Game</Filter>
    </ClCompile>
    <ClCompile Include="Game\Gamepad\Gamepad.cpp">
      <Filter>Game</Filter>
    </ClCompile>
    <ClCompile Include="Game\IOcsv\IOcsv.cpp">
      <Filter>Game</Filter>
    </ClCompile>
    <ClCompile Include="Game\KeyInput\KeyInput.cpp">
      <Filter>Game</Filter>
    </ClCompile>
    <ClCompile Include="Game\Matrix3x3\Matrix3x3.cpp">
      <Filter>Game</Filter>
    </ClCompile>
    <ClCompile Include="Game\Mouse\Mouse.cpp">
      <Filter>Game</Filter>
    </ClCompile>
    <ClCompile Include="Game\MyMath\MyMath.cpp">
      <Filter>Game</Filter>
    </ClCompile>
    <ClCompile Include="Game\Object\Object.cpp">
      <Filter>Game</Filter>
    </ClCompile>
    <ClCompile Include="Game\Quad\Quad.cpp">
      <Filter>Game</Filter>
    </ClCompile>
    <ClCompile Include="Game\Sound\Sound.cpp">
      <Filter>Game</Filter>
    </ClCompile>
    <ClCompile Include="Game\Texture\Texture.cpp">
      <Filter>Game</Filter>
    </ClCompile>
    <ClCompile Include="Game\Vector2D\Vector2D.cpp">
      <Filter>Game</Filter>
    </ClCompile>
    <ClCompile Include="Game\Resources\Resources.cpp">
      <Filter>Game</Filter>
    </ClCompile>
    <ClCompile Include="Effect\Effect.cpp">
      <Filter>Effect</Filter>
    </ClCompile>
  </ItemGroup>
  <ItemGroup>
    <ClInclude Include="C:\KamataEngine\DirectXGame\audio\Audio.h">
      <Filter>KamataEngine\Include</Filter>
    </ClInclude>
    <ClInclude Include="C:\KamataEngine\DirectXGame\2d\DebugText.h">
      <Filter>KamataEngine\Include</Filter>
    </ClInclude>
    <ClInclude Include="C:\KamataEngine\DirectXGame\base\DirectXCommon.h">
      <Filter>KamataEngine\Include</Filter>
    </ClInclude>
    <ClInclude Include="C:\KamataEngine\DirectXGame\scene\GameScene.h">
      <Filter>KamataEngine\Include</Filter>
    </ClInclude>
    <ClInclude Include="C:\KamataEngine\DirectXGame\input\Input.h">
      <Filter>KamataEngine\Include</Filter>
    </ClInclude>
    <ClInclude Include="C:\KamataEngine\DirectXGame\3d\Model.h">
      <Filter>KamataEngine\Include</Filter>
    </ClInclude>
    <ClInclude Include="C:\KamataEngine\DirectXGame\base\SafeDelete.h">
      <Filter>KamataEngine\Include</Filter>
    </ClInclude>
    <ClInclude Include="C:\KamataEngine\DirectXGame\2d\Sprite.h">
      <Filter>KamataEngine\Include</Filter>
    </ClInclude>
    <ClInclude Include="C:\KamataEngine\DirectXGame\base\TextureManager.h">
      <Filter>KamataEngine\Include</Filter>
    </ClInclude>
    <ClInclude Include="C:\KamataEngine\DirectXGame\3d\ViewProjection.h">
      <Filter>KamataEngine\Include</Filter>
    </ClInclude>
    <ClInclude Include="C:\KamataEngine\DirectXGame\base\WinApp.h">
      <Filter>KamataEngine\Include</Filter>
    </ClInclude>
    <ClInclude Include="C:\KamataEngine\DirectXGame\3d\WorldTransform.h">
      <Filter>KamataEngine\Include</Filter>
    </ClInclude>
    <ClInclude Include="C:\KamataEngine\Adapter\Novice.h">
      <Filter>KamataEngine\Adapter</Filter>
    </ClInclude>
    <ClInclude Include="C:\KamataEngine\DirectXGame\3d\CircleShadow.h">
      <Filter>KamataEngine\Include</Filter>
    </ClInclude>
    <ClInclude Include="C:\KamataEngine\DirectXGame\3d\DebugCamera.h">
      <Filter>KamataEngine\Include</Filter>
    </ClInclude>
    <ClInclude Include="C:\KamataEngine\DirectXGame\3d\DirectionalLight.h">
      <Filter>KamataEngine\Include</Filter>
    </ClInclude>
    <ClInclude Include="C:\KamataEngine\DirectXGame\3d\LightGroup.h">
      <Filter>KamataEngine\Include</Filter>
    </ClInclude>
    <ClInclude Include="C:\KamataEngine\DirectXGame\3d\Material.h">
      <Filter>KamataEngine\Include</Filter>
    </ClInclude>
    <ClInclude Include="C:\KamataEngine\DirectXGame\3d\Mesh.h">
      <Filter>KamataEngine\Include</Filter>
    </ClInclude>
    <ClInclude Include="C:\KamataEngine\DirectXGame\3d\PointLight.h">
      <Filter>KamataEngine\Include</Filter>
    </ClInclude>
    <ClInclude Include="C:\KamataEngine\DirectXGame\3d\SpotLight.h">
      <Filter>KamataEngine\Include</Filter>
    </ClInclude>
    <ClInclude Include="..\DirectXGame\math\MathUtility.h">
      <Filter>KamataEngine\Include</Filter>
    </ClInclude>
    <ClInclude Include="..\DirectXGame\math\Matrix4.h">
      <Filter>KamataEngine\Include</Filter>
    </ClInclude>
    <ClInclude Include="..\DirectXGame\math\Vector2.h">
      <Filter>KamataEngine\Include</Filter>
    </ClInclude>
    <ClInclude Include="..\DirectXGame\math\Vector3.h">
      <Filter>KamataEngine\Include</Filter>
    </ClInclude>
    <ClInclude Include="..\DirectXGame\math\Vector4.h">
      <Filter>KamataEngine\Include</Filter>
    </ClInclude>
    <ClInclude Include="Game\Camera\Camera.h">
      <Filter>Game</Filter>
    </ClInclude>
    <ClInclude Include="Game\Complex\Complex.h">
      <Filter>Game</Filter>
    </ClInclude>
    <ClInclude Include="Game\Easing\Easing.h">
      <Filter>Game</Filter>
    </ClInclude>
    <ClInclude Include="Game\Frame\Frame.h">
      <Filter>Game</Filter>
    </ClInclude>
    <ClInclude Include="Game\Gamepad\Gamepad.h">
      <Filter>Game</Filter>
    </ClInclude>
    <ClInclude Include="Game\IOcsv\IOcsv.h">
      <Filter>Game</Filter>
    </ClInclude>
    <ClInclude Include="Game\KeyInput\KeyInput.h">
      <Filter>Game</Filter>
    </ClInclude>
    <ClInclude Include="Game\Matrix3x3\Matrix3x3.h">
      <Filter>Game</Filter>
    </ClInclude>
    <ClInclude Include="Game\Mouse\Mouse.h">
      <Filter>Game</Filter>
    </ClInclude>
    <ClInclude Include="Game\MyMath\MyMath.h">
      <Filter>Game</Filter>
    </ClInclude>
    <ClInclude Include="Game\Object\Object.h">
      <Filter>Game</Filter>
    </ClInclude>
    <ClInclude Include="Game\Quad\Quad.h">
      <Filter>Game</Filter>
    </ClInclude>
    <ClInclude Include="Game\Sound\Sound.h">
      <Filter>Game</Filter>
    </ClInclude>
    <ClInclude Include="Game\Texture\Texture.h">
      <Filter>Game</Filter>
    </ClInclude>
    <ClInclude Include="Game\Vector2D\Vector2D.h">
      <Filter>Game</Filter>
    </ClInclude>
    <ClInclude Include="Game\Resources\Resources.h">
      <Filter>Game</Filter>
    </ClInclude>
    <ClInclude Include="Effect\Effect.h">
      <Filter>Effect</Filter>
    </ClInclude>
  </ItemGroup>
</Project>